
Microsoft Visual Studio Solution File, Format Version 12.00
# Visual Studio Version 17
VisualStudioVersion = 17.2.32630.192
MinimumVisualStudioVersion = 10.0.40219.1
Project("{9A19103F-16F7-4668-BE54-9A1E7A4F7556}") = "1-FirstProject", "1-FirstProject\1-FirstProject.csproj", "{36CC468F-F1AB-43AD-8CBC-2F8CFD5703F2}"
EndProject
Project("{9A19103F-16F7-4668-BE54-9A1E7A4F7556}") = "2-CreatingVariables", "2-CreatingVariables\2-CreatingVariables.csproj", "{43988513-6008-42D8-B88F-F9917D0AB79E}"
EndProject
Project("{9A19103F-16F7-4668-BE54-9A1E7A4F7556}") = "3-CreatingVariablesFloatingPoint", "3-CreatingVariablesFloatingPoint\3-CreatingVariablesFloatingPoint.csproj", "{5384371B-12BA-4A87-80BB-FE5F699478F8}"
EndProject
Project("{9A19103F-16F7-4668-BE54-9A1E7A4F7556}") = "4-ConvertionsAndOthersNumericTypes", "4-ConvertionsAndOthersNumericTypes\4-ConvertionsAndOthersNumericTypes.csproj", "{0303DAD9-12DA-4496-BFFE-BD9F3A679F5E}"
EndProject
Project("{FAE04EC0-301F-11D3-BF4B-00C04F79EFBC}") = "5-CharactersAndTexts", "CharactersAndText\5-CharactersAndTexts.csproj", "{45383E94-0197-4418-8C3C-D1E51DDF46F1}"
EndProject
Project("{FAE04EC0-301F-11D3-BF4B-00C04F79EFBC}") = "6-VariablesAssignments", "6-VariablesAssignments\6-VariablesAssignments.csproj", "{413058D8-6537-4124-974F-55B80A70CE57}"
EndProject
Project("{FAE04EC0-301F-11D3-BF4B-00C04F79EFBC}") = "7-Conditionals", "7-Conditionals\7-Conditionals.csproj", "{94332F99-6F7E-467F-B5D7-6604CDCA79D0}"
EndProject
Project("{FAE04EC0-301F-11D3-BF4B-00C04F79EFBC}") = "8-Conditionals2", "8-Conditionals2\8-Conditionals2.csproj", "{37A55CCF-2706-4D64-AE5A-9F33FF52A2B7}"
EndProject
Project("{FAE04EC0-301F-11D3-BF4B-00C04F79EFBC}") = "9-Scope", "9-Scope\9-Scope.csproj", "{BEDF3E66-DF7B-4046-86FE-F963C65E597C}"
EndProject
Project("{FAE04EC0-301F-11D3-BF4B-00C04F79EFBC}") = "P10-CalculateSavings", "P10-CalculateSavings\P10-CalculateSavings.csproj", "{4D9F4FEF-DD73-4E42-B85B-1A10C17F54B9}"
EndProject
Project("{FAE04EC0-301F-11D3-BF4B-00C04F79EFBC}") = "P11-CalculateSavings2", "P11-CalculateSavings2\P11-CalculateSavings2.csproj", "{A30199CE-C559-4B28-92C4-AA5FC879B2C7}"
EndProject
Project("{FAE04EC0-301F-11D3-BF4B-00C04F79EFBC}") = "P12-CalculateSavingsLongTerm", "P12-CalculateSavingsLongTerm\P12-CalculateSavingsLongTerm.csproj", "{3DDE9860-043F-4887-8E1C-27171EA0C08E}"
EndProject
Project("{FAE04EC0-301F-11D3-BF4B-00C04F79EFBC}") = "P13-ForChained", "P13-ForChained\P13-ForChained.csproj", "{52BF9A70-7944-4A99-999B-0D9FCBB90D85}"
EndProject
Global
	GlobalSection(SolutionConfigurationPlatforms) = preSolution
		Debug|Any CPU = Debug|Any CPU
		Release|Any CPU = Release|Any CPU
	EndGlobalSection
	GlobalSection(ProjectConfigurationPlatforms) = postSolution
		{36CC468F-F1AB-43AD-8CBC-2F8CFD5703F2}.Debug|Any CPU.ActiveCfg = Debug|Any CPU
		{36CC468F-F1AB-43AD-8CBC-2F8CFD5703F2}.Debug|Any CPU.Build.0 = Debug|Any CPU
		{36CC468F-F1AB-43AD-8CBC-2F8CFD5703F2}.Release|Any CPU.ActiveCfg = Release|Any CPU
		{36CC468F-F1AB-43AD-8CBC-2F8CFD5703F2}.Release|Any CPU.Build.0 = Release|Any CPU
		{43988513-6008-42D8-B88F-F9917D0AB79E}.Debug|Any CPU.ActiveCfg = Debug|Any CPU
		{43988513-6008-42D8-B88F-F9917D0AB79E}.Debug|Any CPU.Build.0 = Debug|Any CPU
		{43988513-6008-42D8-B88F-F9917D0AB79E}.Release|Any CPU.ActiveCfg = Release|Any CPU
		{43988513-6008-42D8-B88F-F9917D0AB79E}.Release|Any CPU.Build.0 = Release|Any CPU
		{5384371B-12BA-4A87-80BB-FE5F699478F8}.Debug|Any CPU.ActiveCfg = Debug|Any CPU
		{5384371B-12BA-4A87-80BB-FE5F699478F8}.Debug|Any CPU.Build.0 = Debug|Any CPU
		{5384371B-12BA-4A87-80BB-FE5F699478F8}.Release|Any CPU.ActiveCfg = Release|Any CPU
		{5384371B-12BA-4A87-80BB-FE5F699478F8}.Release|Any CPU.Build.0 = Release|Any CPU
		{0303DAD9-12DA-4496-BFFE-BD9F3A679F5E}.Debug|Any CPU.ActiveCfg = Debug|Any CPU
		{0303DAD9-12DA-4496-BFFE-BD9F3A679F5E}.Debug|Any CPU.Build.0 = Debug|Any CPU
		{0303DAD9-12DA-4496-BFFE-BD9F3A679F5E}.Release|Any CPU.ActiveCfg = Release|Any CPU
		{0303DAD9-12DA-4496-BFFE-BD9F3A679F5E}.Release|Any CPU.Build.0 = Release|Any CPU
		{45383E94-0197-4418-8C3C-D1E51DDF46F1}.Debug|Any CPU.ActiveCfg = Debug|Any CPU
		{45383E94-0197-4418-8C3C-D1E51DDF46F1}.Debug|Any CPU.Build.0 = Debug|Any CPU
		{45383E94-0197-4418-8C3C-D1E51DDF46F1}.Release|Any CPU.ActiveCfg = Release|Any CPU
		{45383E94-0197-4418-8C3C-D1E51DDF46F1}.Release|Any CPU.Build.0 = Release|Any CPU
		{413058D8-6537-4124-974F-55B80A70CE57}.Debug|Any CPU.ActiveCfg = Debug|Any CPU
		{413058D8-6537-4124-974F-55B80A70CE57}.Debug|Any CPU.Build.0 = Debug|Any CPU
		{413058D8-6537-4124-974F-55B80A70CE57}.Release|Any CPU.ActiveCfg = Release|Any CPU
		{413058D8-6537-4124-974F-55B80A70CE57}.Release|Any CPU.Build.0 = Release|Any CPU
		{94332F99-6F7E-467F-B5D7-6604CDCA79D0}.Debug|Any CPU.ActiveCfg = Debug|Any CPU
		{94332F99-6F7E-467F-B5D7-6604CDCA79D0}.Debug|Any CPU.Build.0 = Debug|Any CPU
		{94332F99-6F7E-467F-B5D7-6604CDCA79D0}.Release|Any CPU.ActiveCfg = Release|Any CPU
		{94332F99-6F7E-467F-B5D7-6604CDCA79D0}.Release|Any CPU.Build.0 = Release|Any CPU
		{37A55CCF-2706-4D64-AE5A-9F33FF52A2B7}.Debug|Any CPU.ActiveCfg = Debug|Any CPU
		{37A55CCF-2706-4D64-AE5A-9F33FF52A2B7}.Debug|Any CPU.Build.0 = Debug|Any CPU
		{37A55CCF-2706-4D64-AE5A-9F33FF52A2B7}.Release|Any CPU.ActiveCfg = Release|Any CPU
		{37A55CCF-2706-4D64-AE5A-9F33FF52A2B7}.Release|Any CPU.Build.0 = Release|Any CPU
		{BEDF3E66-DF7B-4046-86FE-F963C65E597C}.Debug|Any CPU.ActiveCfg = Debug|Any CPU
		{BEDF3E66-DF7B-4046-86FE-F963C65E597C}.Debug|Any CPU.Build.0 = Debug|Any CPU
		{BEDF3E66-DF7B-4046-86FE-F963C65E597C}.Release|Any CPU.ActiveCfg = Release|Any CPU
		{BEDF3E66-DF7B-4046-86FE-F963C65E597C}.Release|Any CPU.Build.0 = Release|Any CPU
		{4D9F4FEF-DD73-4E42-B85B-1A10C17F54B9}.Debug|Any CPU.ActiveCfg = Debug|Any CPU
		{4D9F4FEF-DD73-4E42-B85B-1A10C17F54B9}.Debug|Any CPU.Build.0 = Debug|Any CPU
		{4D9F4FEF-DD73-4E42-B85B-1A10C17F54B9}.Release|Any CPU.ActiveCfg = Release|Any CPU
		{4D9F4FEF-DD73-4E42-B85B-1A10C17F54B9}.Release|Any CPU.Build.0 = Release|Any CPU
		{A30199CE-C559-4B28-92C4-AA5FC879B2C7}.Debug|Any CPU.ActiveCfg = Debug|Any CPU
		{A30199CE-C559-4B28-92C4-AA5FC879B2C7}.Debug|Any CPU.Build.0 = Debug|Any CPU
		{A30199CE-C559-4B28-92C4-AA5FC879B2C7}.Release|Any CPU.ActiveCfg = Release|Any CPU
		{A30199CE-C559-4B28-92C4-AA5FC879B2C7}.Release|Any CPU.Build.0 = Release|Any CPU
		{3DDE9860-043F-4887-8E1C-27171EA0C08E}.Debug|Any CPU.ActiveCfg = Debug|Any CPU
		{3DDE9860-043F-4887-8E1C-27171EA0C08E}.Debug|Any CPU.Build.0 = Debug|Any CPU
		{3DDE9860-043F-4887-8E1C-27171EA0C08E}.Release|Any CPU.ActiveCfg = Release|Any CPU
		{3DDE9860-043F-4887-8E1C-27171EA0C08E}.Release|Any CPU.Build.0 = Release|Any CPU
		{52BF9A70-7944-4A99-999B-0D9FCBB90D85}.Debug|Any CPU.ActiveCfg = Debug|Any CPU
		{52BF9A70-7944-4A99-999B-0D9FCBB90D85}.Debug|Any CPU.Build.0 = Debug|Any CPU
		{52BF9A70-7944-4A99-999B-0D9FCBB90D85}.Release|Any CPU.ActiveCfg = Release|Any CPU
		{52BF9A70-7944-4A99-999B-0D9FCBB90D85}.Release|Any CPU.Build.0 = Release|Any CPU
	EndGlobalSection
	GlobalSection(SolutionProperties) = preSolution
		HideSolutionNode = FALSE
	EndGlobalSection
	GlobalSection(ExtensibilityGlobals) = postSolution
		SolutionGuid = {C799B9AD-4431-485A-A333-2B34EBABE136}
	EndGlobalSection
EndGlobal
